
Microsoft Visual Studio Solution File, Format Version 12.00
# Visual Studio Version 17
VisualStudioVersion = 17.11.35222.181
MinimumVisualStudioVersion = 10.0.40219.1
Project("{FAE04EC0-301F-11D3-BF4B-00C04F79EFBC}") = "Daily", "Daily\Daily.csproj", "{18475933-A956-4C52-8372-BE571FBBEC98}"
EndProject
Global
	GlobalSection(SolutionConfigurationPlatforms) = preSolution
		Debug|Any CPU = Debug|Any CPU
		Release|Any CPU = Release|Any CPU
	EndGlobalSection
	GlobalSection(ProjectConfigurationPlatforms) = postSolution
		{18475933-A956-4C52-8372-BE571FBBEC98}.Debug|Any CPU.ActiveCfg = Debug|Any CPU
		{18475933-A956-4C52-8372-BE571FBBEC98}.Debug|Any CPU.Build.0 = Debug|Any CPU
		{18475933-A956-4C52-8372-BE571FBBEC98}.Release|Any CPU.ActiveCfg = Release|Any CPU
		{18475933-A956-4C52-8372-BE571FBBEC98}.Release|Any CPU.Build.0 = Release|Any CPU
	EndGlobalSection
	GlobalSection(SolutionProperties) = preSolution
		HideSolutionNode = FALSE
	EndGlobalSection
	GlobalSection(ExtensibilityGlobals) = postSolution
		SolutionGuid = {711DEB9B-3F1B-4B5E-97DF-B3F8B58BEB1F}
	EndGlobalSection
EndGlobal
